# This file is automatically @generated by Cargo.
# It is not intended for manual editing.
[[package]]
name = "ch10-modules"
version = "0.1.0"

[[package]]
name = "ch14-generics"
version = "0.1.0"

[[package]]
name = "ch3-custom-types"
version = "0.1.0"

[[package]]
name = "ch4-variable-bindings"
version = "0.1.0"

[[package]]
name = "ch5-types"
version = "0.1.0"

[[package]]
name = "ch6-conversion"
version = "0.1.0"

[[package]]
name = "ch8-flow-control"
version = "0.1.0"

[[package]]
name = "ch9-functions"
version = "0.1.0"

[[package]]
name = "learn-rust-by-example"
version = "0.1.0"

